{
  "version": 4,
  "terraform_version": "1.3.9",
  "serial": 25,
  "lineage": "d6639ef1-ff0d-c1f6-f97d-42b5af2bee7f",
  "outputs": {},
  "resources": [
    {
      "mode": "data",
      "type": "archive_file",
      "name": "zip",
      "provider": "provider[\"registry.terraform.io/hashicorp/archive\"]",
      "instances": [
        {
          "schema_version": 0,
          "attributes": {
            "excludes": null,
            "id": "acac8abc8ec1fef2bc1d7ecc9c9442ccad5aac30",
            "output_base64sha256": "8nsCogaNf56q96+fBY+Auj0R0hDx2YGhfbHGVwKw+IU=",
            "output_file_mode": null,
            "output_md5": "688c33d3ce680b7943a935adcf27cfee",
            "output_path": "../src/lambda-scraper.zip",
            "output_sha": "acac8abc8ec1fef2bc1d7ecc9c9442ccad5aac30",
            "output_size": 280,
            "source": [],
            "source_content": null,
            "source_content_filename": null,
            "source_dir": null,
            "source_file": "../src/lambda-scraper.js",
            "type": "zip"
          },
          "sensitive_attributes": []
        }
      ]
    },
    {
      "mode": "data",
      "type": "aws_iam_policy_document",
      "name": "inline_policy",
      "provider": "provider[\"registry.terraform.io/hashicorp/aws\"]",
      "instances": [
        {
          "schema_version": 0,
          "attributes": {
            "id": "3420594572",
            "json": "{\n  \"Version\": \"2012-10-17\",\n  \"Statement\": [\n    {\n      \"Sid\": \"\",\n      \"Effect\": \"Allow\",\n      \"Action\": [\n        \"dynamodb:UpdateTable\",\n        \"dynamodb:UpdateItem\",\n        \"dynamodb:Scan\",\n        \"dynamodb:Query\",\n        \"dynamodb:PutItem\",\n        \"dynamodb:ListTables\",\n        \"dynamodb:GetRecords\",\n        \"dynamodb:GetItem\",\n        \"dynamodb:DescribeTable\",\n        \"dynamodb:DeleteItem\"\n      ],\n      \"Resource\": \"arn:aws:dynamodb:eu-west-1:065454142634:table/fear-greed-readings\"\n    }\n  ]\n}",
            "override_json": null,
            "override_policy_documents": null,
            "policy_id": null,
            "source_json": null,
            "source_policy_documents": null,
            "statement": [
              {
                "actions": [
                  "dynamodb:DeleteItem",
                  "dynamodb:DescribeTable",
                  "dynamodb:GetItem",
                  "dynamodb:GetRecords",
                  "dynamodb:ListTables",
                  "dynamodb:PutItem",
                  "dynamodb:Query",
                  "dynamodb:Scan",
                  "dynamodb:UpdateItem",
                  "dynamodb:UpdateTable"
                ],
                "condition": [],
                "effect": "Allow",
                "not_actions": [],
                "not_principals": [],
                "not_resources": [],
                "principals": [],
                "resources": [
                  "arn:aws:dynamodb:eu-west-1:065454142634:table/fear-greed-readings"
                ],
                "sid": ""
              }
            ],
            "version": "2012-10-17"
          },
          "sensitive_attributes": []
        }
      ]
    },
    {
      "mode": "data",
      "type": "aws_iam_policy_document",
      "name": "policy",
      "provider": "provider[\"registry.terraform.io/hashicorp/aws\"]",
      "instances": [
        {
          "schema_version": 0,
          "attributes": {
            "id": "3693445097",
            "json": "{\n  \"Version\": \"2012-10-17\",\n  \"Statement\": [\n    {\n      \"Sid\": \"\",\n      \"Effect\": \"Allow\",\n      \"Action\": \"sts:AssumeRole\",\n      \"Principal\": {\n        \"Service\": \"lambda.amazonaws.com\"\n      }\n    }\n  ]\n}",
            "override_json": null,
            "override_policy_documents": null,
            "policy_id": null,
            "source_json": null,
            "source_policy_documents": null,
            "statement": [
              {
                "actions": [
                  "sts:AssumeRole"
                ],
                "condition": [],
                "effect": "Allow",
                "not_actions": [],
                "not_principals": [],
                "not_resources": [],
                "principals": [
                  {
                    "identifiers": [
                      "lambda.amazonaws.com"
                    ],
                    "type": "Service"
                  }
                ],
                "resources": [],
                "sid": ""
              }
            ],
            "version": "2012-10-17"
          },
          "sensitive_attributes": []
        }
      ]
    },
    {
      "mode": "managed",
      "type": "aws_cloudwatch_event_rule",
      "name": "cloudwatch_wakeup_scraper_lambda",
      "provider": "provider[\"registry.terraform.io/hashicorp/aws\"]",
      "instances": [
        {
          "schema_version": 0,
          "attributes": {
            "arn": "arn:aws:events:eu-west-1:065454142634:rule/wakeup_scraper_rule",
            "description": "It wakes up the lambda to scrape the fear\u0026greed data",
            "event_bus_name": "default",
            "event_pattern": null,
            "id": "wakeup_scraper_rule",
            "is_enabled": true,
            "name": "wakeup_scraper_rule",
            "name_prefix": "",
            "role_arn": "",
            "schedule_expression": "rate(1 minute)",
            "tags": {},
            "tags_all": {}
          },
          "sensitive_attributes": [],
          "private": "bnVsbA=="
        }
      ]
    },
    {
      "mode": "managed",
      "type": "aws_cloudwatch_event_target",
      "name": "cloudwatch_target_scraper_lambda",
      "provider": "provider[\"registry.terraform.io/hashicorp/aws\"]",
      "instances": [
        {
          "schema_version": 1,
          "attributes": {
            "arn": "arn:aws:lambda:eu-west-1:065454142634:function:lambda-scraper",
            "batch_target": [],
            "dead_letter_config": [],
            "ecs_target": [],
            "event_bus_name": "default",
            "http_target": [],
            "id": "wakeup_scraper_rule-wakeup_scraper_target",
            "input": "",
            "input_path": "",
            "input_transformer": [],
            "kinesis_target": [],
            "redshift_target": [],
            "retry_policy": [],
            "role_arn": "",
            "rule": "wakeup_scraper_rule",
            "run_command_targets": [],
            "sqs_target": [],
            "target_id": "wakeup_scraper_target"
          },
          "sensitive_attributes": [],
          "private": "eyJzY2hlbWFfdmVyc2lvbiI6IjEifQ==",
          "dependencies": [
            "aws_cloudwatch_event_rule.cloudwatch_wakeup_scraper_lambda",
            "aws_dynamodb_table.fear-greed-readings",
            "aws_iam_role.iam_for_lambda",
            "aws_lambda_function.lambda_scraper",
            "data.archive_file.zip",
            "data.aws_iam_policy_document.inline_policy",
            "data.aws_iam_policy_document.policy"
          ]
        }
      ]
    },
    {
      "mode": "managed",
      "type": "aws_dynamodb_table",
      "name": "fear-greed-readings",
      "provider": "provider[\"registry.terraform.io/hashicorp/aws\"]",
      "instances": [
        {
          "schema_version": 1,
          "attributes": {
            "arn": "arn:aws:dynamodb:eu-west-1:065454142634:table/fear-greed-readings",
            "attribute": [
              {
                "name": "id",
                "type": "S"
              }
            ],
            "billing_mode": "PAY_PER_REQUEST",
            "global_secondary_index": [],
            "hash_key": "id",
            "id": "fear-greed-readings",
            "local_secondary_index": [],
            "name": "fear-greed-readings",
            "point_in_time_recovery": [
              {
                "enabled": false
              }
            ],
            "range_key": null,
            "read_capacity": 0,
            "replica": [],
            "restore_date_time": null,
            "restore_source_name": null,
            "restore_to_latest_time": null,
            "server_side_encryption": [],
            "stream_arn": "",
            "stream_enabled": false,
            "stream_label": "",
            "stream_view_type": "",
            "table_class": "STANDARD",
            "tags": {
              "Environment": "fear-greed"
            },
            "tags_all": {
              "Environment": "fear-greed"
            },
            "timeouts": null,
            "ttl": [
              {
                "attribute_name": "",
                "enabled": false
              }
            ],
            "write_capacity": 0
          },
          "sensitive_attributes": [],
          "private": "eyJlMmJmYjczMC1lY2FhLTExZTYtOGY4OC0zNDM2M2JjN2M0YzAiOnsiY3JlYXRlIjoxODAwMDAwMDAwMDAwLCJkZWxldGUiOjYwMDAwMDAwMDAwMCwidXBkYXRlIjozNjAwMDAwMDAwMDAwfSwic2NoZW1hX3ZlcnNpb24iOiIxIn0="
        }
      ]
    },
    {
      "mode": "managed",
      "type": "aws_iam_role",
      "name": "iam_for_lambda",
      "provider": "provider[\"registry.terraform.io/hashicorp/aws\"]",
      "instances": [
        {
          "schema_version": 0,
          "attributes": {
            "arn": "arn:aws:iam::065454142634:role/lambda_role",
            "assume_role_policy": "{\"Statement\":[{\"Action\":\"sts:AssumeRole\",\"Effect\":\"Allow\",\"Principal\":{\"Service\":\"lambda.amazonaws.com\"},\"Sid\":\"\"}],\"Version\":\"2012-10-17\"}",
            "create_date": "2023-03-11T18:38:22Z",
            "description": "",
            "force_detach_policies": false,
            "id": "lambda_role",
            "inline_policy": [
              {
                "name": "policy-dynamodb-writer",
                "policy": "{\"Version\":\"2012-10-17\",\"Statement\":[{\"Action\":[\"dynamodb:UpdateTable\",\"dynamodb:UpdateItem\",\"dynamodb:Scan\",\"dynamodb:Query\",\"dynamodb:PutItem\",\"dynamodb:ListTables\",\"dynamodb:GetRecords\",\"dynamodb:GetItem\",\"dynamodb:DescribeTable\",\"dynamodb:DeleteItem\"],\"Effect\":\"Allow\",\"Resource\":\"arn:aws:dynamodb:eu-west-1:065454142634:table/fear-greed-readings\",\"Sid\":\"\"}]}"
              }
            ],
            "managed_policy_arns": [],
            "max_session_duration": 3600,
            "name": "lambda_role",
            "name_prefix": "",
            "path": "/",
            "permissions_boundary": null,
            "tags": {},
            "tags_all": {},
            "unique_id": "AROAQ6PK66SVPYPOB2ERL"
          },
          "sensitive_attributes": [],
          "private": "bnVsbA==",
          "dependencies": [
            "aws_dynamodb_table.fear-greed-readings",
            "data.aws_iam_policy_document.inline_policy",
            "data.aws_iam_policy_document.policy"
          ]
        }
      ]
    },
    {
      "mode": "managed",
      "type": "aws_lambda_function",
      "name": "lambda_scraper",
      "provider": "provider[\"registry.terraform.io/hashicorp/aws\"]",
      "instances": [
        {
          "schema_version": 0,
          "attributes": {
            "architectures": [
              "x86_64"
            ],
            "arn": "arn:aws:lambda:eu-west-1:065454142634:function:lambda-scraper",
            "code_signing_config_arn": "",
            "dead_letter_config": [],
            "description": "",
            "environment": [],
            "ephemeral_storage": [
              {
                "size": 512
              }
            ],
            "file_system_config": [],
            "filename": "../src/lambda-scraper.zip",
            "function_name": "lambda-scraper",
            "handler": "lambda-scraper.handler",
            "id": "lambda-scraper",
            "image_config": [],
            "image_uri": "",
            "invoke_arn": "arn:aws:apigateway:eu-west-1:lambda:path/2015-03-31/functions/arn:aws:lambda:eu-west-1:065454142634:function:lambda-scraper/invocations",
            "kms_key_arn": "",
            "last_modified": "2023-03-11T18:40:52.371+0000",
            "layers": [],
            "memory_size": 128,
            "package_type": "Zip",
            "publish": false,
            "qualified_arn": "arn:aws:lambda:eu-west-1:065454142634:function:lambda-scraper:$LATEST",
            "qualified_invoke_arn": "arn:aws:apigateway:eu-west-1:lambda:path/2015-03-31/functions/arn:aws:lambda:eu-west-1:065454142634:function:lambda-scraper:$LATEST/invocations",
            "replace_security_groups_on_destroy": null,
            "replacement_security_group_ids": null,
            "reserved_concurrent_executions": -1,
            "role": "arn:aws:iam::065454142634:role/lambda_role",
            "runtime": "nodejs14.x",
            "s3_bucket": null,
            "s3_key": null,
            "s3_object_version": null,
            "signing_job_arn": "",
            "signing_profile_version_arn": "",
            "skip_destroy": false,
            "snap_start": [],
            "source_code_hash": "8nsCogaNf56q96+fBY+Auj0R0hDx2YGhfbHGVwKw+IU=",
            "source_code_size": 280,
            "tags": {},
            "tags_all": {},
            "timeout": 5,
            "timeouts": null,
            "tracing_config": [
              {
                "mode": "PassThrough"
              }
            ],
            "version": "$LATEST",
            "vpc_config": []
          },
          "sensitive_attributes": [],
          "private": "eyJlMmJmYjczMC1lY2FhLTExZTYtOGY4OC0zNDM2M2JjN2M0YzAiOnsiY3JlYXRlIjo2MDAwMDAwMDAwMDAsImRlbGV0ZSI6NjAwMDAwMDAwMDAwLCJ1cGRhdGUiOjYwMDAwMDAwMDAwMH19",
          "dependencies": [
            "aws_dynamodb_table.fear-greed-readings",
            "aws_iam_role.iam_for_lambda",
            "data.archive_file.zip",
            "data.aws_iam_policy_document.inline_policy",
            "data.aws_iam_policy_document.policy"
          ]
        }
      ]
    },
    {
      "mode": "managed",
      "type": "aws_lambda_permission",
      "name": "allow_eventbridge",
      "provider": "provider[\"registry.terraform.io/hashicorp/aws\"]",
      "instances": [
        {
          "schema_version": 0,
          "attributes": {
            "action": "lambda:InvokeFunction",
            "event_source_token": null,
            "function_name": "lambda-scraper",
            "function_url_auth_type": null,
            "id": "AllowExecutionFromEventBridge",
            "principal": "events.amazonaws.com",
            "principal_org_id": null,
            "qualifier": "",
            "source_account": null,
            "source_arn": "arn:aws:events:eu-west-1:065454142634:rule/wakeup_scraper_rule",
            "statement_id": "AllowExecutionFromEventBridge",
            "statement_id_prefix": ""
          },
          "sensitive_attributes": [],
          "private": "bnVsbA==",
          "dependencies": [
            "aws_cloudwatch_event_rule.cloudwatch_wakeup_scraper_lambda",
            "aws_lambda_function.lambda_scraper"
          ]
        }
      ]
    }
  ],
  "check_results": null
}
